Microsoft Visual Studio Solution File, Format Version 8.00
Project("{8BC9CEB8-8B4A-11D0-8D11-00A0C91BC942}") = "juno6", "juno6\juno6.vcproj", "{6435D44B-C794-43EC-828C-D9BB3D70975A}"
	ProjectSection(ProjectDependencies) = postProject
		{C6B4AEFD-F334-49CA-AA5F-3438664B6B69} = {C6B4AEFD-F334-49CA-AA5F-3438664B6B69}
		{265CD8EC-7381-4105-B74C-C2ACB477C005} = {265CD8EC-7381-4105-B74C-C2ACB477C005}
		{C45EDC03-8DE3-45D4-8E79-743071D6BCF3} = {C45EDC03-8DE3-45D4-8E79-743071D6BCF3}
	EndProjectSection
EndProject
Project("{8BC9CEB8-8B4A-11D0-8D11-00A0C91BC942}") = "libmoogutil", "libmoogutil\libmoogutil.vcproj", "{C6B4AEFD-F334-49CA-AA5F-3438664B6B69}"
	ProjectSection(ProjectDependencies) = postProject
	EndProjectSection
EndProject
Project("{8BC9CEB8-8B4A-11D0-8D11-00A0C91BC942}") = "libgmoog", "libgmoog\libgmoog.vcproj", "{C45EDC03-8DE3-45D4-8E79-743071D6BCF3}"
	ProjectSection(ProjectDependencies) = postProject
		{C6B4AEFD-F334-49CA-AA5F-3438664B6B69} = {C6B4AEFD-F334-49CA-AA5F-3438664B6B69}
	EndProjectSection
EndProject
Project("{8BC9CEB8-8B4A-11D0-8D11-00A0C91BC942}") = "libmoog", "libmoog\libmoog.vcproj", "{265CD8EC-7381-4105-B74C-C2ACB477C005}"
	ProjectSection(ProjectDependencies) = postProject
		{C6B4AEFD-F334-49CA-AA5F-3438664B6B69} = {C6B4AEFD-F334-49CA-AA5F-3438664B6B69}
	EndProjectSection
EndProject
Project("{8BC9CEB8-8B4A-11D0-8D11-00A0C91BC942}") = "vstjuno6", "VSTi\vstjuno6.vcproj", "{0BE38C13-3D1F-4DB2-8D5E-AC1248551703}"
	ProjectSection(ProjectDependencies) = postProject
		{563E3A60-8D88-420B-B495-A7FD9655BEC7} = {563E3A60-8D88-420B-B495-A7FD9655BEC7}
	EndProjectSection
EndProject
Project("{8BC9CEB8-8B4A-11D0-8D11-00A0C91BC942}") = "juno6cmd", "juno6cmd\juno6cmd.vcproj", "{8D708D5A-6F8B-44A9-89C4-9AD04EDD1006}"
	ProjectSection(ProjectDependencies) = postProject
		{265CD8EC-7381-4105-B74C-C2ACB477C005} = {265CD8EC-7381-4105-B74C-C2ACB477C005}
		{C6B4AEFD-F334-49CA-AA5F-3438664B6B69} = {C6B4AEFD-F334-49CA-AA5F-3438664B6B69}
	EndProjectSection
EndProject
Project("{8BC9CEB8-8B4A-11D0-8D11-00A0C91BC942}") = "libmoogvst", "libmoog\libmoogvst.vcproj", "{563E3A60-8D88-420B-B495-A7FD9655BEC7}"
	ProjectSection(ProjectDependencies) = postProject
		{C6B4AEFD-F334-49CA-AA5F-3438664B6B69} = {C6B4AEFD-F334-49CA-AA5F-3438664B6B69}
	EndProjectSection
EndProject
Project("{8BC9CEB8-8B4A-11D0-8D11-00A0C91BC942}") = "importpat", "util\importpat.vcproj", "{FBED321F-6F2D-4BE8-9C84-E2B900CE3A78}"
	ProjectSection(ProjectDependencies) = postProject
		{265CD8EC-7381-4105-B74C-C2ACB477C005} = {265CD8EC-7381-4105-B74C-C2ACB477C005}
	EndProjectSection
EndProject
Global
	GlobalSection(SolutionConfiguration) = preSolution
		Debug = Debug
		Release = Release
		Release Trace = Release Trace
	EndGlobalSection
	GlobalSection(ProjectConfiguration) = postSolution
		{6435D44B-C794-43EC-828C-D9BB3D70975A}.Debug.ActiveCfg = Debug|Win32
		{6435D44B-C794-43EC-828C-D9BB3D70975A}.Debug.Build.0 = Debug|Win32
		{6435D44B-C794-43EC-828C-D9BB3D70975A}.Release.ActiveCfg = Release|Win32
		{6435D44B-C794-43EC-828C-D9BB3D70975A}.Release.Build.0 = Release|Win32
		{6435D44B-C794-43EC-828C-D9BB3D70975A}.Release Trace.ActiveCfg = Release|Win32
		{6435D44B-C794-43EC-828C-D9BB3D70975A}.Release Trace.Build.0 = Release|Win32
		{C6B4AEFD-F334-49CA-AA5F-3438664B6B69}.Debug.ActiveCfg = Debug|Win32
		{C6B4AEFD-F334-49CA-AA5F-3438664B6B69}.Debug.Build.0 = Debug|Win32
		{C6B4AEFD-F334-49CA-AA5F-3438664B6B69}.Release.ActiveCfg = Release|Win32
		{C6B4AEFD-F334-49CA-AA5F-3438664B6B69}.Release.Build.0 = Release|Win32
		{C6B4AEFD-F334-49CA-AA5F-3438664B6B69}.Release Trace.ActiveCfg = Release|Win32
		{C6B4AEFD-F334-49CA-AA5F-3438664B6B69}.Release Trace.Build.0 = Release|Win32
		{C45EDC03-8DE3-45D4-8E79-743071D6BCF3}.Debug.ActiveCfg = Debug|Win32
		{C45EDC03-8DE3-45D4-8E79-743071D6BCF3}.Debug.Build.0 = Debug|Win32
		{C45EDC03-8DE3-45D4-8E79-743071D6BCF3}.Release.ActiveCfg = Release|Win32
		{C45EDC03-8DE3-45D4-8E79-743071D6BCF3}.Release.Build.0 = Release|Win32
		{C45EDC03-8DE3-45D4-8E79-743071D6BCF3}.Release Trace.ActiveCfg = Release|Win32
		{C45EDC03-8DE3-45D4-8E79-743071D6BCF3}.Release Trace.Build.0 = Release|Win32
		{265CD8EC-7381-4105-B74C-C2ACB477C005}.Debug.ActiveCfg = Debug|Win32
		{265CD8EC-7381-4105-B74C-C2ACB477C005}.Debug.Build.0 = Debug|Win32
		{265CD8EC-7381-4105-B74C-C2ACB477C005}.Release.ActiveCfg = Release|Win32
		{265CD8EC-7381-4105-B74C-C2ACB477C005}.Release.Build.0 = Release|Win32
		{265CD8EC-7381-4105-B74C-C2ACB477C005}.Release Trace.ActiveCfg = Release|Win32
		{265CD8EC-7381-4105-B74C-C2ACB477C005}.Release Trace.Build.0 = Release|Win32
		{0BE38C13-3D1F-4DB2-8D5E-AC1248551703}.Debug.ActiveCfg = Debug|Win32
		{0BE38C13-3D1F-4DB2-8D5E-AC1248551703}.Debug.Build.0 = Debug|Win32
		{0BE38C13-3D1F-4DB2-8D5E-AC1248551703}.Release.ActiveCfg = Release|Win32
		{0BE38C13-3D1F-4DB2-8D5E-AC1248551703}.Release.Build.0 = Release|Win32
		{0BE38C13-3D1F-4DB2-8D5E-AC1248551703}.Release Trace.ActiveCfg = Release|Win32
		{0BE38C13-3D1F-4DB2-8D5E-AC1248551703}.Release Trace.Build.0 = Release|Win32
		{8D708D5A-6F8B-44A9-89C4-9AD04EDD1006}.Debug.ActiveCfg = Debug|Win32
		{8D708D5A-6F8B-44A9-89C4-9AD04EDD1006}.Debug.Build.0 = Debug|Win32
		{8D708D5A-6F8B-44A9-89C4-9AD04EDD1006}.Release.ActiveCfg = Release|Win32
		{8D708D5A-6F8B-44A9-89C4-9AD04EDD1006}.Release.Build.0 = Release|Win32
		{8D708D5A-6F8B-44A9-89C4-9AD04EDD1006}.Release Trace.ActiveCfg = Release|Win32
		{8D708D5A-6F8B-44A9-89C4-9AD04EDD1006}.Release Trace.Build.0 = Release|Win32
		{563E3A60-8D88-420B-B495-A7FD9655BEC7}.Debug.ActiveCfg = Debug|Win32
		{563E3A60-8D88-420B-B495-A7FD9655BEC7}.Debug.Build.0 = Debug|Win32
		{563E3A60-8D88-420B-B495-A7FD9655BEC7}.Release.ActiveCfg = Release|Win32
		{563E3A60-8D88-420B-B495-A7FD9655BEC7}.Release.Build.0 = Release|Win32
		{563E3A60-8D88-420B-B495-A7FD9655BEC7}.Release Trace.ActiveCfg = Release|Win32
		{563E3A60-8D88-420B-B495-A7FD9655BEC7}.Release Trace.Build.0 = Release|Win32
		{FBED321F-6F2D-4BE8-9C84-E2B900CE3A78}.Debug.ActiveCfg = Debug|Win32
		{FBED321F-6F2D-4BE8-9C84-E2B900CE3A78}.Debug.Build.0 = Debug|Win32
		{FBED321F-6F2D-4BE8-9C84-E2B900CE3A78}.Release.ActiveCfg = Release|Win32
		{FBED321F-6F2D-4BE8-9C84-E2B900CE3A78}.Release.Build.0 = Release|Win32
		{FBED321F-6F2D-4BE8-9C84-E2B900CE3A78}.Release Trace.ActiveCfg = Release|Win32
		{FBED321F-6F2D-4BE8-9C84-E2B900CE3A78}.Release Trace.Build.0 = Release|Win32
	EndGlobalSection
	GlobalSection(ExtensibilityGlobals) = postSolution
	EndGlobalSection
	GlobalSection(ExtensibilityAddIns) = postSolution
	EndGlobalSection
EndGlobal
