Microsoft Visual Studio Solution File, Format Version 8.00
Project("{8BC9CEB8-8B4A-11D0-8D11-00A0C91BC942}") = "juno6", "juno6\juno6.vcproj", "{6435D44B-C794-43EC-828C-D9BB3D70975A}"
	ProjectSection(ProjectDependencies) = postProject
		{784DAF83-8FAD-47B0-BB15-90E018F18F91} = {784DAF83-8FAD-47B0-BB15-90E018F18F91}
		{265CD8EC-7381-4105-B74C-C2ACB477C005} = {265CD8EC-7381-4105-B74C-C2ACB477C005}
	EndProjectSection
EndProject
Project("{EAF909A5-FA59-4C3D-9431-0FCC20D5BCF9}") = "libmoogutil", "libmoogutil\libmoogutil.icproj", "{784DAF83-8FAD-47B0-BB15-90E018F18F91}"
	ProjectSection(ProjectDependencies) = postProject
	EndProjectSection
EndProject
Project("{8BC9CEB8-8B4A-11D0-8D11-00A0C91BC942}") = "libmoog", "libmoog\libmoog.vcproj", "{265CD8EC-7381-4105-B74C-C2ACB477C005}"
	ProjectSection(ProjectDependencies) = postProject
		{784DAF83-8FAD-47B0-BB15-90E018F18F91} = {784DAF83-8FAD-47B0-BB15-90E018F18F91}
	EndProjectSection
EndProject
Project("{EAF909A5-FA59-4C3D-9431-0FCC20D5BCF9}") = "vstjuno6", "VSTi\vstjuno6.icproj", "{8D3630BD-944E-4C05-9B15-7C250BD7DFF4}"
	ProjectSection(ProjectDependencies) = postProject
		{96B6F066-A019-486F-B703-4D9FEDEDFEBC} = {96B6F066-A019-486F-B703-4D9FEDEDFEBC}
	EndProjectSection
EndProject
Project("{EAF909A5-FA59-4C3D-9431-0FCC20D5BCF9}") = "libmoogvst", "libmoog\libmoogvst.icproj", "{96B6F066-A019-486F-B703-4D9FEDEDFEBC}"
	ProjectSection(ProjectDependencies) = postProject
		{784DAF83-8FAD-47B0-BB15-90E018F18F91} = {784DAF83-8FAD-47B0-BB15-90E018F18F91}
	EndProjectSection
EndProject
Project("{8BC9CEB8-8B4A-11D0-8D11-00A0C91BC942}") = "importpat", "util\importpat.vcproj", "{FBED321F-6F2D-4BE8-9C84-E2B900CE3A78}"
	ProjectSection(ProjectDependencies) = postProject
		{265CD8EC-7381-4105-B74C-C2ACB477C005} = {265CD8EC-7381-4105-B74C-C2ACB477C005}
	EndProjectSection
EndProject
Global
	GlobalSection(SolutionConfiguration) = preSolution
		Debug = Debug
		Release = Release
		Release Trace = Release Trace
	EndGlobalSection
	GlobalSection(ProjectConfiguration) = postSolution
		{6435D44B-C794-43EC-828C-D9BB3D70975A}.Debug.ActiveCfg = Debug|Win32
		{6435D44B-C794-43EC-828C-D9BB3D70975A}.Debug.Build.0 = Debug|Win32
		{6435D44B-C794-43EC-828C-D9BB3D70975A}.Release.ActiveCfg = Release|Win32
		{6435D44B-C794-43EC-828C-D9BB3D70975A}.Release.Build.0 = Release|Win32
		{6435D44B-C794-43EC-828C-D9BB3D70975A}.Release Trace.ActiveCfg = Release|Win32
		{6435D44B-C794-43EC-828C-D9BB3D70975A}.Release Trace.Build.0 = Release|Win32
		{784DAF83-8FAD-47B0-BB15-90E018F18F91}.Debug.ActiveCfg = Debug|Win32
		{784DAF83-8FAD-47B0-BB15-90E018F18F91}.Debug.Build.0 = Debug|Win32
		{784DAF83-8FAD-47B0-BB15-90E018F18F91}.Release.ActiveCfg = Release|Win32
		{784DAF83-8FAD-47B0-BB15-90E018F18F91}.Release.Build.0 = Release|Win32
		{784DAF83-8FAD-47B0-BB15-90E018F18F91}.Release Trace.ActiveCfg = Release|Win32
		{784DAF83-8FAD-47B0-BB15-90E018F18F91}.Release Trace.Build.0 = Release|Win32
		{265CD8EC-7381-4105-B74C-C2ACB477C005}.Debug.ActiveCfg = Debug|Win32
		{265CD8EC-7381-4105-B74C-C2ACB477C005}.Debug.Build.0 = Debug|Win32
		{265CD8EC-7381-4105-B74C-C2ACB477C005}.Release.ActiveCfg = Release|Win32
		{265CD8EC-7381-4105-B74C-C2ACB477C005}.Release.Build.0 = Release|Win32
		{265CD8EC-7381-4105-B74C-C2ACB477C005}.Release Trace.ActiveCfg = Release|Win32
		{265CD8EC-7381-4105-B74C-C2ACB477C005}.Release Trace.Build.0 = Release|Win32
		{8D3630BD-944E-4C05-9B15-7C250BD7DFF4}.Debug.ActiveCfg = Debug|Win32
		{8D3630BD-944E-4C05-9B15-7C250BD7DFF4}.Debug.Build.0 = Debug|Win32
		{8D3630BD-944E-4C05-9B15-7C250BD7DFF4}.Release.ActiveCfg = Release|Win32
		{8D3630BD-944E-4C05-9B15-7C250BD7DFF4}.Release.Build.0 = Release|Win32
		{8D3630BD-944E-4C05-9B15-7C250BD7DFF4}.Release Trace.ActiveCfg = Release|Win32
		{8D3630BD-944E-4C05-9B15-7C250BD7DFF4}.Release Trace.Build.0 = Release|Win32
		{96B6F066-A019-486F-B703-4D9FEDEDFEBC}.Debug.ActiveCfg = Debug|Win32
		{96B6F066-A019-486F-B703-4D9FEDEDFEBC}.Debug.Build.0 = Debug|Win32
		{96B6F066-A019-486F-B703-4D9FEDEDFEBC}.Release.ActiveCfg = Release|Win32
		{96B6F066-A019-486F-B703-4D9FEDEDFEBC}.Release.Build.0 = Release|Win32
		{96B6F066-A019-486F-B703-4D9FEDEDFEBC}.Release Trace.ActiveCfg = Release|Win32
		{96B6F066-A019-486F-B703-4D9FEDEDFEBC}.Release Trace.Build.0 = Release|Win32
		{FBED321F-6F2D-4BE8-9C84-E2B900CE3A78}.Debug.ActiveCfg = Debug|Win32
		{FBED321F-6F2D-4BE8-9C84-E2B900CE3A78}.Debug.Build.0 = Debug|Win32
		{FBED321F-6F2D-4BE8-9C84-E2B900CE3A78}.Release.ActiveCfg = Release|Win32
		{FBED321F-6F2D-4BE8-9C84-E2B900CE3A78}.Release.Build.0 = Release|Win32
		{FBED321F-6F2D-4BE8-9C84-E2B900CE3A78}.Release Trace.ActiveCfg = Release|Win32
		{FBED321F-6F2D-4BE8-9C84-E2B900CE3A78}.Release Trace.Build.0 = Release|Win32
		{C6B4AEFD-F334-49CA-AA5F-3438664B6B69}.Debug.ActiveCfg = Debug|Win32
		{C6B4AEFD-F334-49CA-AA5F-3438664B6B69}.Release.ActiveCfg = Release|Win32
		{C6B4AEFD-F334-49CA-AA5F-3438664B6B69}.Release Trace.ActiveCfg = Release|Win32
		{0BE38C13-3D1F-4DB2-8D5E-AC1248551703}.Debug.ActiveCfg = Debug|Win32
		{0BE38C13-3D1F-4DB2-8D5E-AC1248551703}.Release.ActiveCfg = Release|Win32
		{0BE38C13-3D1F-4DB2-8D5E-AC1248551703}.Release Trace.ActiveCfg = Release|Win32
		{563E3A60-8D88-420B-B495-A7FD9655BEC7}.Debug.ActiveCfg = Debug|Win32
		{563E3A60-8D88-420B-B495-A7FD9655BEC7}.Release.ActiveCfg = Release|Win32
		{563E3A60-8D88-420B-B495-A7FD9655BEC7}.Release Trace.ActiveCfg = Release|Win32
	EndGlobalSection
	GlobalSection(ExtensibilityGlobals) = postSolution
	EndGlobalSection
	GlobalSection(ExtensibilityAddIns) = postSolution
	EndGlobalSection
EndGlobal
