Microsoft Visual Studio Solution File, Format Version 8.00
Project("{8BC9CEB8-8B4A-11D0-8D11-00A0C91BC942}") = "juno6", "juno6\juno6.vcproj", "{6435D44B-C794-43EC-828C-D9BB3D70975A}"
	ProjectSection(ProjectDependencies) = postProject
		{C45EDC03-8DE3-45D4-8E79-743071D6BCF3} = {C45EDC03-8DE3-45D4-8E79-743071D6BCF3}
		{265CD8EC-7381-4105-B74C-C2ACB477C005} = {265CD8EC-7381-4105-B74C-C2ACB477C005}
		{D045CFAA-5007-4BD7-A3F8-ACA2101A661E} = {D045CFAA-5007-4BD7-A3F8-ACA2101A661E}
	EndProjectSection
EndProject
Project("{EAF909A5-FA59-4C3D-9431-0FCC20D5BCF9}") = "libmoogutil", "libmoogutil\libmoogutil.icproj", "{D045CFAA-5007-4BD7-A3F8-ACA2101A661E}"
	ProjectSection(ProjectDependencies) = postProject
	EndProjectSection
EndProject
Project("{8BC9CEB8-8B4A-11D0-8D11-00A0C91BC942}") = "libgmoog", "libgmoog\libgmoog.vcproj", "{C45EDC03-8DE3-45D4-8E79-743071D6BCF3}"
	ProjectSection(ProjectDependencies) = postProject
		{D045CFAA-5007-4BD7-A3F8-ACA2101A661E} = {D045CFAA-5007-4BD7-A3F8-ACA2101A661E}
	EndProjectSection
EndProject
Project("{8BC9CEB8-8B4A-11D0-8D11-00A0C91BC942}") = "libmoog", "libmoog\libmoog.vcproj", "{265CD8EC-7381-4105-B74C-C2ACB477C005}"
	ProjectSection(ProjectDependencies) = postProject
		{D045CFAA-5007-4BD7-A3F8-ACA2101A661E} = {D045CFAA-5007-4BD7-A3F8-ACA2101A661E}
	EndProjectSection
EndProject
Project("{EAF909A5-FA59-4C3D-9431-0FCC20D5BCF9}") = "vstjuno6", "VSTi\vstjuno6.icproj", "{C313A988-E0A3-4A5F-9F0E-ECAB090A8577}"
	ProjectSection(ProjectDependencies) = postProject
		{A94AA291-B2DC-4511-A6BA-F8461C3E70FB} = {A94AA291-B2DC-4511-A6BA-F8461C3E70FB}
	EndProjectSection
EndProject
Project("{8BC9CEB8-8B4A-11D0-8D11-00A0C91BC942}") = "juno6cmd", "juno6cmd\juno6cmd.vcproj", "{8D708D5A-6F8B-44A9-89C4-9AD04EDD1006}"
	ProjectSection(ProjectDependencies) = postProject
		{265CD8EC-7381-4105-B74C-C2ACB477C005} = {265CD8EC-7381-4105-B74C-C2ACB477C005}
		{D045CFAA-5007-4BD7-A3F8-ACA2101A661E} = {D045CFAA-5007-4BD7-A3F8-ACA2101A661E}
	EndProjectSection
EndProject
Project("{EAF909A5-FA59-4C3D-9431-0FCC20D5BCF9}") = "libmoogvst", "libmoog\libmoogvst.icproj", "{A94AA291-B2DC-4511-A6BA-F8461C3E70FB}"
	ProjectSection(ProjectDependencies) = postProject
		{D045CFAA-5007-4BD7-A3F8-ACA2101A661E} = {D045CFAA-5007-4BD7-A3F8-ACA2101A661E}
	EndProjectSection
EndProject
Project("{8BC9CEB8-8B4A-11D0-8D11-00A0C91BC942}") = "importpat", "util\importpat.vcproj", "{FBED321F-6F2D-4BE8-9C84-E2B900CE3A78}"
	ProjectSection(ProjectDependencies) = postProject
		{265CD8EC-7381-4105-B74C-C2ACB477C005} = {265CD8EC-7381-4105-B74C-C2ACB477C005}
	EndProjectSection
EndProject
Global
	GlobalSection(SolutionConfiguration) = preSolution
		Debug = Debug
		Release = Release
		Release Trace = Release Trace
	EndGlobalSection
	GlobalSection(ProjectConfiguration) = postSolution
		{6435D44B-C794-43EC-828C-D9BB3D70975A}.Debug.ActiveCfg = Debug|Win32
		{6435D44B-C794-43EC-828C-D9BB3D70975A}.Debug.Build.0 = Debug|Win32
		{6435D44B-C794-43EC-828C-D9BB3D70975A}.Release.ActiveCfg = Release|Win32
		{6435D44B-C794-43EC-828C-D9BB3D70975A}.Release Trace.ActiveCfg = Release|Win32
		{6435D44B-C794-43EC-828C-D9BB3D70975A}.Release Trace.Build.0 = Release|Win32
		{D045CFAA-5007-4BD7-A3F8-ACA2101A661E}.Debug.ActiveCfg = Debug|Win32
		{D045CFAA-5007-4BD7-A3F8-ACA2101A661E}.Debug.Build.0 = Debug|Win32
		{D045CFAA-5007-4BD7-A3F8-ACA2101A661E}.Release.ActiveCfg = Release|Win32
		{D045CFAA-5007-4BD7-A3F8-ACA2101A661E}.Release.Build.0 = Release|Win32
		{D045CFAA-5007-4BD7-A3F8-ACA2101A661E}.Release Trace.ActiveCfg = Release|Win32
		{D045CFAA-5007-4BD7-A3F8-ACA2101A661E}.Release Trace.Build.0 = Release|Win32
		{C45EDC03-8DE3-45D4-8E79-743071D6BCF3}.Debug.ActiveCfg = Debug|Win32
		{C45EDC03-8DE3-45D4-8E79-743071D6BCF3}.Debug.Build.0 = Debug|Win32
		{C45EDC03-8DE3-45D4-8E79-743071D6BCF3}.Release.ActiveCfg = Release|Win32
		{C45EDC03-8DE3-45D4-8E79-743071D6BCF3}.Release Trace.ActiveCfg = Release|Win32
		{C45EDC03-8DE3-45D4-8E79-743071D6BCF3}.Release Trace.Build.0 = Release|Win32
		{265CD8EC-7381-4105-B74C-C2ACB477C005}.Debug.ActiveCfg = Debug|Win32
		{265CD8EC-7381-4105-B74C-C2ACB477C005}.Debug.Build.0 = Debug|Win32
		{265CD8EC-7381-4105-B74C-C2ACB477C005}.Release.ActiveCfg = Release|Win32
		{265CD8EC-7381-4105-B74C-C2ACB477C005}.Release Trace.ActiveCfg = Release|Win32
		{265CD8EC-7381-4105-B74C-C2ACB477C005}.Release Trace.Build.0 = Release|Win32
		{C313A988-E0A3-4A5F-9F0E-ECAB090A8577}.Debug.ActiveCfg = Debug|Win32
		{C313A988-E0A3-4A5F-9F0E-ECAB090A8577}.Debug.Build.0 = Debug|Win32
		{C313A988-E0A3-4A5F-9F0E-ECAB090A8577}.Release.ActiveCfg = Release|Win32
		{C313A988-E0A3-4A5F-9F0E-ECAB090A8577}.Release.Build.0 = Release|Win32
		{C313A988-E0A3-4A5F-9F0E-ECAB090A8577}.Release Trace.ActiveCfg = Release|Win32
		{C313A988-E0A3-4A5F-9F0E-ECAB090A8577}.Release Trace.Build.0 = Release|Win32
		{8D708D5A-6F8B-44A9-89C4-9AD04EDD1006}.Debug.ActiveCfg = Debug|Win32
		{8D708D5A-6F8B-44A9-89C4-9AD04EDD1006}.Debug.Build.0 = Debug|Win32
		{8D708D5A-6F8B-44A9-89C4-9AD04EDD1006}.Release.ActiveCfg = Release|Win32
		{8D708D5A-6F8B-44A9-89C4-9AD04EDD1006}.Release Trace.ActiveCfg = Release|Win32
		{8D708D5A-6F8B-44A9-89C4-9AD04EDD1006}.Release Trace.Build.0 = Release|Win32
		{A94AA291-B2DC-4511-A6BA-F8461C3E70FB}.Debug.ActiveCfg = Debug|Win32
		{A94AA291-B2DC-4511-A6BA-F8461C3E70FB}.Debug.Build.0 = Debug|Win32
		{A94AA291-B2DC-4511-A6BA-F8461C3E70FB}.Release.ActiveCfg = Release|Win32
		{A94AA291-B2DC-4511-A6BA-F8461C3E70FB}.Release.Build.0 = Release|Win32
		{A94AA291-B2DC-4511-A6BA-F8461C3E70FB}.Release Trace.ActiveCfg = Release|Win32
		{A94AA291-B2DC-4511-A6BA-F8461C3E70FB}.Release Trace.Build.0 = Release|Win32
		{FBED321F-6F2D-4BE8-9C84-E2B900CE3A78}.Debug.ActiveCfg = Debug|Win32
		{FBED321F-6F2D-4BE8-9C84-E2B900CE3A78}.Debug.Build.0 = Debug|Win32
		{FBED321F-6F2D-4BE8-9C84-E2B900CE3A78}.Release.ActiveCfg = Release|Win32
		{FBED321F-6F2D-4BE8-9C84-E2B900CE3A78}.Release Trace.ActiveCfg = Release|Win32
		{FBED321F-6F2D-4BE8-9C84-E2B900CE3A78}.Release Trace.Build.0 = Release|Win32
		{0BE38C13-3D1F-4DB2-8D5E-AC1248551703}.Debug.ActiveCfg = Debug|Win32
		{0BE38C13-3D1F-4DB2-8D5E-AC1248551703}.Release.ActiveCfg = Release|Win32
		{0BE38C13-3D1F-4DB2-8D5E-AC1248551703}.Release Trace.ActiveCfg = Release|Win32
		{563E3A60-8D88-420B-B495-A7FD9655BEC7}.Debug.ActiveCfg = Debug|Win32
		{563E3A60-8D88-420B-B495-A7FD9655BEC7}.Release.ActiveCfg = Release|Win32
		{563E3A60-8D88-420B-B495-A7FD9655BEC7}.Release Trace.ActiveCfg = Release|Win32
	EndGlobalSection
	GlobalSection(ExtensibilityGlobals) = postSolution
	EndGlobalSection
	GlobalSection(ExtensibilityAddIns) = postSolution
	EndGlobalSection
EndGlobal
